
Microsoft Visual Studio Solution File, Format Version 12.00
# Visual Studio Version 17
VisualStudioVersion = 17.0.32014.148
MinimumVisualStudioVersion = 10.0.40219.1
Project("{9A19103F-16F7-4668-BE54-9A1E7A4F7556}") = "StoreService.Api.Autor", "StoreService.Api.Autor\StoreService.Api.Autor.csproj", "{AF87AC4D-0313-4BEB-9844-27B9B9799D37}"
EndProject
Project("{FAE04EC0-301F-11D3-BF4B-00C04F79EFBC}") = "StoreService.Api.Book", "StoreService.Api.Book\StoreService.Api.Book.csproj", "{C03F6947-1352-4C88-8DC4-9A5681592D25}"
EndProject
Global
	GlobalSection(SolutionConfigurationPlatforms) = preSolution
		Debug|Any CPU = Debug|Any CPU
		Release|Any CPU = Release|Any CPU
	EndGlobalSection
	GlobalSection(ProjectConfigurationPlatforms) = postSolution
		{AF87AC4D-0313-4BEB-9844-27B9B9799D37}.Debug|Any CPU.ActiveCfg = Debug|Any CPU
		{AF87AC4D-0313-4BEB-9844-27B9B9799D37}.Debug|Any CPU.Build.0 = Debug|Any CPU
		{AF87AC4D-0313-4BEB-9844-27B9B9799D37}.Release|Any CPU.ActiveCfg = Release|Any CPU
		{AF87AC4D-0313-4BEB-9844-27B9B9799D37}.Release|Any CPU.Build.0 = Release|Any CPU
		{C03F6947-1352-4C88-8DC4-9A5681592D25}.Debug|Any CPU.ActiveCfg = Debug|Any CPU
		{C03F6947-1352-4C88-8DC4-9A5681592D25}.Debug|Any CPU.Build.0 = Debug|Any CPU
		{C03F6947-1352-4C88-8DC4-9A5681592D25}.Release|Any CPU.ActiveCfg = Release|Any CPU
		{C03F6947-1352-4C88-8DC4-9A5681592D25}.Release|Any CPU.Build.0 = Release|Any CPU
	EndGlobalSection
	GlobalSection(SolutionProperties) = preSolution
		HideSolutionNode = FALSE
	EndGlobalSection
	GlobalSection(ExtensibilityGlobals) = postSolution
		SolutionGuid = {0CC4B155-7F24-48DB-A8B2-027BE6CE39D8}
	EndGlobalSection
EndGlobal
